
Microsoft Visual Studio Solution File, Format Version 12.00
# Visual Studio Version 16
VisualStudioVersion = 16.0.30523.141
MinimumVisualStudioVersion = 10.0.40219.1
Project("{FAE04EC0-301F-11D3-BF4B-00C04F79EFBC}") = "Lab_1", "Lab_1\Lab_1.csproj", "{4B05E10A-7857-4044-A178-865EF9DE0712}"
EndProject
Global
	GlobalSection(SolutionConfigurationPlatforms) = preSolution
		Debug|Any CPU = Debug|Any CPU
		Release|Any CPU = Release|Any CPU
	EndGlobalSection
	GlobalSection(ProjectConfigurationPlatforms) = postSolution
		{4B05E10A-7857-4044-A178-865EF9DE0712}.Debug|Any CPU.ActiveCfg = Debug|Any CPU
		{4B05E10A-7857-4044-A178-865EF9DE0712}.Debug|Any CPU.Build.0 = Debug|Any CPU
		{4B05E10A-7857-4044-A178-865EF9DE0712}.Release|Any CPU.ActiveCfg = Release|Any CPU
		{4B05E10A-7857-4044-A178-865EF9DE0712}.Release|Any CPU.Build.0 = Release|Any CPU
	EndGlobalSection
	GlobalSection(SolutionProperties) = preSolution
		HideSolutionNode = FALSE
	EndGlobalSection
	GlobalSection(ExtensibilityGlobals) = postSolution
		SolutionGuid = {E5432201-6322-4F73-A305-FCD94B159662}
	EndGlobalSection
EndGlobal
